
Microsoft Visual Studio Solution File, Format Version 12.00
# Visual Studio 15
VisualStudioVersion = 15.0.28307.1145
MinimumVisualStudioVersion = 10.0.40219.1
Project("{00D1A9C2-B5F0-4AF3-8072-F6C62B433612}") = "WideWorldImporters-SSDT", "WideWorldImporters-SSDT\WideWorldImporters-SSDT.sqlproj", "{691E4A96-3971-433A-8874-49F8BDAA7A4F}"
EndProject
Global
	GlobalSection(SolutionConfigurationPlatforms) = preSolution
		Debug|Any CPU = Debug|Any CPU
		Release|Any CPU = Release|Any CPU
	EndGlobalSection
	GlobalSection(ProjectConfigurationPlatforms) = postSolution
		{691E4A96-3971-433A-8874-49F8BDAA7A4F}.Debug|Any CPU.ActiveCfg = Debug|Any CPU
		{691E4A96-3971-433A-8874-49F8BDAA7A4F}.Debug|Any CPU.Build.0 = Debug|Any CPU
		{691E4A96-3971-433A-8874-49F8BDAA7A4F}.Debug|Any CPU.Deploy.0 = Debug|Any CPU
		{691E4A96-3971-433A-8874-49F8BDAA7A4F}.Release|Any CPU.ActiveCfg = Release|Any CPU
		{691E4A96-3971-433A-8874-49F8BDAA7A4F}.Release|Any CPU.Build.0 = Release|Any CPU
		{691E4A96-3971-433A-8874-49F8BDAA7A4F}.Release|Any CPU.Deploy.0 = Release|Any CPU
	EndGlobalSection
	GlobalSection(SolutionProperties) = preSolution
		HideSolutionNode = FALSE
	EndGlobalSection
	GlobalSection(ExtensibilityGlobals) = postSolution
		SolutionGuid = {A3398101-DAFD-4132-8998-B4B9ABAD5AA4}
	EndGlobalSection
EndGlobal
